# THIS IS AN AUTOGENERATED FILE. DO NOT EDIT THIS FILE DIRECTLY.
# yarn lockfile v1


"@babel/runtime@^7.12.5":
  version "7.12.13"
  resolved "https://registry.yarnpkg.com/@babel/runtime/-/runtime-7.12.13.tgz#0a21452352b02542db0ffb928ac2d3ca7cb6d66d"
  integrity sha512-8+3UMPBrjFa/6TtKi/7sehPKqfAm4g6K+YQjyyFOLUTxzOngcRZTlAVY8sc2CORJYqdHQY8gRPHmn+qo15rCBw==
  dependencies:
    regenerator-runtime "^0.13.4"

"@babel/runtime@^7.5.5":
  version "7.23.2"
  resolved "https://registry.npmmirror.com/@babel/runtime/-/runtime-7.23.2.tgz#062b0ac103261d68a966c4c7baf2ae3e62ec3885"
  integrity sha512-mM8eg4yl5D6i3lu2QKPuPH4FArvJ8KhTofbE7jwMUv9KX5mBvwPAqnV3MlyBNqdp9RyRKP6Yck8TrfYrPvX3bg==
  dependencies:
    regenerator-runtime "^0.14.0"

"@hapi/boom@*", "@hapi/boom@9.x.x":
  version "9.1.1"
  resolved "https://registry.yarnpkg.com/@hapi/boom/-/boom-9.1.1.tgz#89e6f0e01637c2a4228da0d113e8157c93677b04"
  integrity sha512-VNR8eDbBrOxBgbkddRYIe7+8DZ+vSbV6qlmaN2x7eWjsUjy2VmQgChkOKcVZIeupEZYj+I0dqNg430OhwzagjA==
  dependencies:
    "@hapi/hoek" "9.x.x"

"@hapi/boom@7.x.x":
  version "7.4.11"
  resolved "https://registry.yarnpkg.com/@hapi/boom/-/boom-7.4.11.tgz#37af8417eb9416aef3367aa60fa04a1a9f1fc262"
  integrity sha512-VSU/Cnj1DXouukYxxkes4nNJonCnlogHvIff1v1RVoN4xzkKhMXX+GRmb3NyH1iar10I9WFPDv2JPwfH3GaV0A==
  dependencies:
    "@hapi/hoek" "8.x.x"

"@hapi/bourne@1.x.x":
  version "1.3.2"
  resolved "https://registry.yarnpkg.com/@hapi/bourne/-/bourne-1.3.2.tgz#0a7095adea067243ce3283e1b56b8a8f453b242a"
  integrity sha512-1dVNHT76Uu5N3eJNTYcvxee+jzX4Z9lfciqRRHCU27ihbUcYi+iSc2iml5Ke1LXe1SyJCLA0+14Jh4tXJgOppA==

"@hapi/cryptiles@5.0.0":
  version "5.0.0"
  resolved "https://registry.yarnpkg.com/@hapi/cryptiles/-/cryptiles-5.0.0.tgz#364ca3336594c7f261707a527c4d36da4a8eb86e"
  integrity sha512-Yq43ti9N51Z7jbm0Q7YVCcofA+4Gh5wsBX/jZ++Z+FM8GYfBQ1WmI9ufZSL+BVX8vRxzDkdQ2fKoG6cxOQlnVQ==
  dependencies:
    "@hapi/boom" "9.x.x"

"@hapi/hoek@8.x.x":
  version "8.5.1"
  resolved "https://registry.yarnpkg.com/@hapi/hoek/-/hoek-8.5.1.tgz#fde96064ca446dec8c55a8c2f130957b070c6e06"
  integrity sha512-yN7kbciD87WzLGc5539Tn0sApjyiGHAJgKvG9W8C7O+6c7qmoQMfVs0W4bX17eqz6C78QJqqFrtgdK5EWf6Qow==

"@hapi/hoek@9.x.x":
  version "9.1.1"
  resolved "https://registry.yarnpkg.com/@hapi/hoek/-/hoek-9.1.1.tgz#9daf5745156fd84b8e9889a2dc721f0c58e894aa"
  integrity sha512-CAEbWH7OIur6jEOzaai83jq3FmKmv4PmX1JYfs9IrYcGEVI/lyL1EXJGCj7eFVJ0bg5QR8LMxBlEtA+xKiLpFw==

"@hapi/wreck@^15.0.2":
  version "15.1.0"
  resolved "https://registry.yarnpkg.com/@hapi/wreck/-/wreck-15.1.0.tgz#7917cd25950ce9b023f7fd2bea6e2ef72c71e59d"
  integrity sha512-tQczYRTTeYBmvhsek/D49En/5khcShaBEmzrAaDjMrFXKJRuF8xA8+tlq1ETLBFwGd6Do6g2OC74rt11kzawzg==
  dependencies:
    "@hapi/boom" "7.x.x"
    "@hapi/bourne" "1.x.x"
    "@hapi/hoek" "8.x.x"

"@jiaminghi/bezier-curve@*":
  version "0.0.9"
  resolved "https://registry.npmmirror.com/@jiaminghi/bezier-curve/-/bezier-curve-0.0.9.tgz#5196aca93c8b061a612b4c3eabcedf9490cef6ee"
  integrity sha512-u9xJPOEl6Dri2E9FfmJoGxYQY7vYJkURNX04Vj64tdi535tPrpkuf9Sm0lNr3QTKdHQh0DdNRsaa62FLQNQEEw==
  dependencies:
    "@babel/runtime" "^7.5.5"

"@jiaminghi/c-render@^0.4.3":
  version "0.4.3"
  resolved "https://registry.npmmirror.com/@jiaminghi/c-render/-/c-render-0.4.3.tgz#982ebd8f71b443bb9507834227834973ebd9b6d8"
  integrity sha512-FJfzj5hGj7MLqqqI2D7vEzHKbQ1Ynnn7PJKgzsjXaZpJzTqs2Yw5OSeZnm6l7Qj7jyPAP53lFvEQNH4o4j6s+Q==
  dependencies:
    "@babel/runtime" "^7.5.5"
    "@jiaminghi/bezier-curve" "*"
    "@jiaminghi/color" "*"
    "@jiaminghi/transition" "*"

"@jiaminghi/charts@^0.2":
  version "0.2.18"
  resolved "https://registry.npmmirror.com/@jiaminghi/charts/-/charts-0.2.18.tgz#63ded95200789fc1a1fd04b7fd9e56f58d22d90f"
  integrity sha512-K+HXaOOeWG9OOY1VG6M4mBreeeIAPhb9X+khG651AbnwEwL6G2UtcAQ8GWCq6GzhczcLwwhIhuaHqRygwHC0sA==
  dependencies:
    "@babel/runtime" "^7.5.5"
    "@jiaminghi/c-render" "^0.4.3"

"@jiaminghi/color@*":
  version "1.1.3"
  resolved "https://registry.npmmirror.com/@jiaminghi/color/-/color-1.1.3.tgz#a2336750d1266155ffe80375c58c26fdec495611"
  integrity sha512-ZY3hdorgODk4OSTbxyXBPxAxHPIVf9rPlKJyK1C1db46a50J0reFKpAvfZG8zMG3lvM60IR7Qawgcu4ZDO3+Hg==

"@jiaminghi/data-view-react@^1.2.5":
  version "1.2.5"
  resolved "https://registry.npmmirror.com/@jiaminghi/data-view-react/-/data-view-react-1.2.5.tgz#8817eaf83377b186ee32552dad9901547742ea0a"
  integrity sha512-hxlfg0yULj7nUde8oj5hB9pUWrHqFyuPUeJWNG70YPPHFnWXqmlWCx1aB1OpqD3lwxaI1aKkA4YJRhkvfLyKrg==
  dependencies:
    "@jiaminghi/charts" "^0.2"

"@jiaminghi/transition@*":
  version "1.1.11"
  resolved "https://registry.npmmirror.com/@jiaminghi/transition/-/transition-1.1.11.tgz#576d8af092434b34201eba5eaecc79dd33c8ad8c"
  integrity sha512-owBggipoHMikDHHDW5Gc7RZYlVuvxHADiU4bxfjBVkHDAmmck+fCkm46n2JzC3j33hWvP9nSCAeh37t6stgWeg==
  dependencies:
    "@babel/runtime" "^7.5.5"

"@testing-library/react-hooks@^3.4.1":
  version "3.7.0"
  resolved "https://registry.yarnpkg.com/@testing-library/react-hooks/-/react-hooks-3.7.0.tgz#6d75c5255ef49bce39b6465bf6b49e2dac84919e"
  integrity sha512-TwfbY6BWtWIHitjT05sbllyLIProcysC0dF0q1bbDa7OHLC6A6rJOYJwZ13hzfz3O4RtOuInmprBozJRyyo7/g==
  dependencies:
    "@babel/runtime" "^7.12.5"
    "@types/testing-library__react-hooks" "^3.4.0"

"@types/hapi__boom@*":
  version "9.0.1"
  resolved "https://registry.yarnpkg.com/@types/hapi__boom/-/hapi__boom-9.0.1.tgz#8fbf719d0358e361b831802fb05fb4feced2ac29"
  integrity sha512-TSqwgnTmNNp3/9uOpV16S8IVJv+QDmZLEImSuQrzGLCzmuK5P3bx3wdaXGXxfWLlN09Qqnd27POLrEAKhVCM5g==
  dependencies:
    "@hapi/boom" "*"

"@types/hapi__wreck@^15.0.1":
  version "15.0.1"
  resolved "https://registry.yarnpkg.com/@types/hapi__wreck/-/hapi__wreck-15.0.1.tgz#41df4e122c49316f0057cb5e9c6eb4c00e671e95"
  integrity sha512-OXhOaFWPFkWkqU5IlFwgTK/Q3yzc3iDhC1/S+3rQ6d2qkl6xvcRZaayJGjDXORf3krnGtDN1l3bIajNcuUl6QA==
  dependencies:
    "@types/hapi__boom" "*"
    "@types/node" "*"

"@types/node@*":
  version "14.14.25"
  resolved "https://registry.yarnpkg.com/@types/node/-/node-14.14.25.tgz#15967a7b577ff81383f9b888aa6705d43fbbae93"
  integrity sha512-EPpXLOVqDvisVxtlbvzfyqSsFeQxltFbluZNRndIb8tr9KiBnYNLzrc1N3pyKUCww2RNrfHDViqDWWE1LCJQtQ==

"@types/prop-types@*":
  version "15.7.3"
  resolved "https://registry.yarnpkg.com/@types/prop-types/-/prop-types-15.7.3.tgz#2ab0d5da2e5815f94b0b9d4b95d1e5f243ab2ca7"
  integrity sha512-KfRL3PuHmqQLOG+2tGpRO26Ctg+Cq1E01D2DMriKEATHgWLfeNDmq9e29Q9WIky0dQ3NPkd1mzYH8Lm936Z9qw==

"@types/react-test-renderer@*":
  version "17.0.0"
  resolved "https://registry.yarnpkg.com/@types/react-test-renderer/-/react-test-renderer-17.0.0.tgz#9be47b375eeb906fced37049e67284a438d56620"
  integrity sha512-nvw+F81OmyzpyIE1S0xWpLonLUZCMewslPuA8BtjSKc5XEbn8zEQBXS7KuOLHTNnSOEM2Pum50gHOoZ62tqTRg==
  dependencies:
    "@types/react" "*"

"@types/react@*":
  version "17.0.1"
  resolved "https://registry.yarnpkg.com/@types/react/-/react-17.0.1.tgz#eb1f1407dea8da3bc741879c1192aa703ab9975b"
  integrity sha512-w8t9f53B2ei4jeOqf/gxtc2Sswnc3LBK5s0DyJcg5xd10tMHXts2N31cKjWfH9IC/JvEPa/YF1U4YeP1t4R6HQ==
  dependencies:
    "@types/prop-types" "*"
    csstype "^3.0.2"

"@types/testing-library__react-hooks@^3.4.0":
  version "3.4.1"
  resolved "https://registry.yarnpkg.com/@types/testing-library__react-hooks/-/testing-library__react-hooks-3.4.1.tgz#b8d7311c6c1f7db3103e94095fe901f8fef6e433"
  integrity sha512-G4JdzEcq61fUyV6wVW9ebHWEiLK2iQvaBuCHHn9eMSbZzVh4Z4wHnUGIvQOYCCYeu5DnUtFyNYuAAgbSaO/43Q==
  dependencies:
    "@types/react-test-renderer" "*"

axios@^0.19.2:
  version "0.19.2"
  resolved "https://registry.npmmirror.com/axios/-/axios-0.19.2.tgz#3ea36c5d8818d0d5f8a8a97a6d36b86cdc00cb27"
  integrity sha512-fjgm5MvRHLhx+osE2xoekY70AhARk3a6hkN+3Io1jc00jtquGvxYlKlsFUhmUET0V5te6CcZI7lcv2Ym61mjHA==
  dependencies:
    follow-redirects "1.5.10"

csstype@^3.0.2:
  version "3.0.6"
  resolved "https://registry.yarnpkg.com/csstype/-/csstype-3.0.6.tgz#865d0b5833d7d8d40f4e5b8a6d76aea3de4725ef"
  integrity sha512-+ZAmfyWMT7TiIlzdqJgjMb7S4f1beorDbWbsocyK4RaiqA5RTX3K14bnBWmmA9QEM0gRdsjyyrEmcyga8Zsxmw==

debug@=3.1.0:
  version "3.1.0"
  resolved "https://registry.npmmirror.com/debug/-/debug-3.1.0.tgz#5bb5a0672628b64149566ba16819e61518c67261"
  integrity sha512-OX8XqP7/1a9cqkxYw2yXss15f26NKWBpDXQd0/uK/KPqdQhxbPa994hnzjcE2VqQpDslf55723cKPUOGSmMY3g==
  dependencies:
    ms "2.0.0"

follow-redirects@1.5.10:
  version "1.5.10"
  resolved "https://registry.npmmirror.com/follow-redirects/-/follow-redirects-1.5.10.tgz#7b7a9f9aea2fdff36786a94ff643ed07f4ff5e2a"
  integrity sha512-0V5l4Cizzvqt5D44aTXbFZz+FtyXV1vrDN6qrelxtfYQKW0KO0W2T/hkE8xvGa/540LkZlkaUjO4ailYTFtHVQ==
  dependencies:
    debug "=3.1.0"

gulp-rename@2.0.0:
  version "2.0.0"
  resolved "https://registry.yarnpkg.com/gulp-rename/-/gulp-rename-2.0.0.tgz#9bbc3962b0c0f52fc67cd5eaff6c223ec5b9cf6c"
  integrity sha512-97Vba4KBzbYmR5VBs9mWmK+HwIf5mj+/zioxfZhOKeXtx5ZjBk57KFlePf5nxq9QsTtFl0ejnHE3zTC9MHXqyQ==

html-entities@1.3.1:
  version "1.3.1"
  resolved "https://registry.yarnpkg.com/html-entities/-/html-entities-1.3.1.tgz#fb9a1a4b5b14c5daba82d3e34c6ae4fe701a0e44"
  integrity sha512-rhE/4Z3hIhzHAUKbW8jVcCyuT5oJCXXqhN/6mXXVCpzTmvJnoH2HL/bt3EZ6p55jbFJBeAe1ZNpL5BugLujxNA==

ms@2.0.0:
  version "2.0.0"
  resolved "https://registry.npmmirror.com/ms/-/ms-2.0.0.tgz#5608aeadfc00be6c2901df5f9861788de0d597c8"
  integrity sha512-Tpp60P6IUJDTuOq/5Z8cdskzJujfwqfOTkrwIwj7IRISpnkJnT6SyJ4PCPnGMoFjC9ddhal5KVIYtAt97ix05A==

opentype.js@^0.7.3:
  version "0.7.3"
  resolved "https://registry.npmmirror.com/opentype.js/-/opentype.js-0.7.3.tgz#40fb8ce18bfd60e74448efdfe442834098397aab"
  integrity sha512-Veui5vl2bLonFJ/SjX/WRWJT3SncgiZNnKUyahmXCc2sa1xXW15u3R/3TN5+JFiP7RsjK5ER4HA5eWaEmV9deA==
  dependencies:
    tiny-inflate "^1.0.2"

regenerator-runtime@^0.13.4:
  version "0.13.7"
  resolved "https://registry.yarnpkg.com/regenerator-runtime/-/regenerator-runtime-0.13.7.tgz#cac2dacc8a1ea675feaabaeb8ae833898ae46f55"
  integrity sha512-a54FxoJDIr27pgf7IgeQGxmqUNYrcV338lf/6gH456HZ/PhX+5BcwHXG9ajESmwe6WRO0tAzRUrRmNONWgkrew==

regenerator-runtime@^0.14.0:
  version "0.14.0"
  resolved "https://registry.npmmirror.com/regenerator-runtime/-/regenerator-runtime-0.14.0.tgz#5e19d68eb12d486f797e15a3c6a918f7cec5eb45"
  integrity sha512-srw17NI0TUWHuGa5CFGGmhfNIeja30WMBfbslPNhf6JrqQlLN5gcrvig1oqPxiVaXb0oW0XRKtH6Nngs5lKCIA==

svg-captcha@^1.4.0:
  version "1.4.0"
  resolved "https://registry.npmmirror.com/svg-captcha/-/svg-captcha-1.4.0.tgz#32ead3c6463936c218bb3bc9ed04fea4eeffe492"
  integrity sha512-/fkkhavXPE57zRRCjNqAP3txRCSncpMx3NnNZL7iEoyAtYwUjPhJxW6FQTQPG5UPEmCrbFoXS10C3YdJlW7PDg==
  dependencies:
    opentype.js "^0.7.3"

tiny-inflate@^1.0.2:
  version "1.0.3"
  resolved "https://registry.npmmirror.com/tiny-inflate/-/tiny-inflate-1.0.3.tgz#122715494913a1805166aaf7c93467933eea26c4"
  integrity sha512-pkY1fj1cKHb2seWDy0B16HeWyczlJA9/WW3u3c4z/NiWDsO3DOU5D7nhTLE9CF0yXv/QZFY7sEJmj24dK+Rrqw==

typescript@4.0.2:
  version "4.0.2"
  resolved "https://registry.yarnpkg.com/typescript/-/typescript-4.0.2.tgz#7ea7c88777c723c681e33bf7988be5d008d05ac2"
  integrity sha512-e4ERvRV2wb+rRZ/IQeb3jm2VxBsirQLpQhdxplZ2MEzGvDkkMmPglecnNDfSUBivMjP93vRbngYYDQqQ/78bcQ==
